
Microsoft Visual Studio Solution File, Format Version 12.00
# Visual Studio Version 17
VisualStudioVersion = 17.0.32112.339
MinimumVisualStudioVersion = 10.0.40219.1
Project("{FAE04EC0-301F-11D3-BF4B-00C04F79EFBC}") = "CRUD_3tire_project", "CRUD_3tire_project\CRUD_3tire_project.csproj", "{91671341-DBC0-4908-AF30-49EF162982D7}"
EndProject
Global
	GlobalSection(SolutionConfigurationPlatforms) = preSolution
		Debug|Any CPU = Debug|Any CPU
		Release|Any CPU = Release|Any CPU
	EndGlobalSection
	GlobalSection(ProjectConfigurationPlatforms) = postSolution
		{91671341-DBC0-4908-AF30-49EF162982D7}.Debug|Any CPU.ActiveCfg = Debug|Any CPU
		{91671341-DBC0-4908-AF30-49EF162982D7}.Debug|Any CPU.Build.0 = Debug|Any CPU
		{91671341-DBC0-4908-AF30-49EF162982D7}.Release|Any CPU.ActiveCfg = Release|Any CPU
		{91671341-DBC0-4908-AF30-49EF162982D7}.Release|Any CPU.Build.0 = Release|Any CPU
	EndGlobalSection
	GlobalSection(SolutionProperties) = preSolution
		HideSolutionNode = FALSE
	EndGlobalSection
	GlobalSection(ExtensibilityGlobals) = postSolution
		SolutionGuid = {6410C1A2-94EB-4B6B-AECC-89324751183E}
	EndGlobalSection
EndGlobal
